version = 1
revision = 3
requires-python = ">=3.14"

[[package]]
name = "certifi"
version = "2024.12.14"
source = { registry = "https://pypi.org/simple" }
sdist = { url = "https://files.pythonhosted.org/packages/0f/bd/1d41ee578ce09523c81a15426705dd20969f5abf006d1afe8aeff0dd776a/certifi-2024.12.14.tar.gz", hash = "sha256:b650d30f370c2b724812bee08008be0c4163b163ddaec3f2546c1caf65f191db", size = 166010, upload-time = "2024-12-14T13:52:38.02Z" }
wheels = [
    { url = "https://files.pythonhosted.org/packages/a5/32/8f6669fc4798494966bf446c8c4a162e0b5d893dff088afddf76414f70e1/certifi-2024.12.14-py3-none-any.whl", hash = "sha256:1275f7a45be9464efc1173084eaa30f866fe2e47d389406136d332ed4967ec56", size = 164927, upload-time = "2024-12-14T13:52:36.114Z" },
]

[[package]]
name = "chardet"
version = "5.2.0"
source = { registry = "https://pypi.org/simple" }
sdist = { url = "https://files.pythonhosted.org/packages/f3/0d/f7b6ab21ec75897ed80c17d79b15951a719226b9fababf1e40ea74d69079/chardet-5.2.0.tar.gz", hash = "sha256:1b3b6ff479a8c414bc3fa2c0852995695c4a026dcd6d0633b2dd092ca39c1cf7", size = 2069618, upload-time = "2023-08-01T19:23:02.662Z" }
wheels = [
    { url = "https://files.pythonhosted.org/packages/38/6f/f5fbc992a329ee4e0f288c1fe0e2ad9485ed064cac731ed2fe47dcc38cbf/chardet-5.2.0-py3-none-any.whl", hash = "sha256:e1cf59446890a00105fe7b7912492ea04b6e6f06d4b742b2c788469e34c82970", size = 199385, upload-time = "2023-08-01T19:23:00.661Z" },
]

[[package]]
name = "charset-normalizer"
version = "3.4.1"
source = { registry = "https://pypi.org/simple" }
sdist = { url = "https://files.pythonhosted.org/packages/16/b0/572805e227f01586461c80e0fd25d65a2115599cc9dad142fee4b747c357/charset_normalizer-3.4.1.tar.gz", hash = "sha256:44251f18cd68a75b56585dd00dae26183e102cd5e0f9f1466e6df5da2ed64ea3", size = 123188, upload-time = "2024-12-24T18:12:35.43Z" }
wheels = [
    { url = "https://files.pythonhosted.org/packages/0e/f6/65ecc6878a89bb1c23a086ea335ad4bf21a588990c3f535a227b9eea9108/charset_normalizer-3.4.1-py3-none-any.whl", hash = "sha256:d98b1668f06378c6dbefec3b92299716b931cd4e6061f3c875a71ced1780ab85", size = 49767, upload-time = "2024-12-24T18:12:32.852Z" },
]

[[package]]
name = "decorator"
version = "5.1.1"
source = { registry = "https://pypi.org/simple" }
sdist = { url = "https://files.pythonhosted.org/packages/66/0c/8d907af351aa16b42caae42f9d6aa37b900c67308052d10fdce809f8d952/decorator-5.1.1.tar.gz", hash = "sha256:637996211036b6385ef91435e4fae22989472f9d571faba8927ba8253acbc330", size = 35016, upload-time = "2022-01-07T08:20:05.666Z" }
wheels = [
    { url = "https://files.pythonhosted.org/packages/d5/50/83c593b07763e1161326b3b8c6686f0f4b0f24d5526546bee538c89837d6/decorator-5.1.1-py3-none-any.whl", hash = "sha256:b8c3f85900b9dc423225913c5aace94729fe1fa9763b38939a95226f02d37186", size = 9073, upload-time = "2022-01-07T08:20:03.734Z" },
]

[[package]]
name = "frozendict"
version = "2.4.6"
source = { registry = "https://pypi.org/simple" }
sdist = { url = "https://files.pythonhosted.org/packages/bb/59/19eb300ba28e7547538bdf603f1c6c34793240a90e1a7b61b65d8517e35e/frozendict-2.4.6.tar.gz", hash = "sha256:df7cd16470fbd26fc4969a208efadc46319334eb97def1ddf48919b351192b8e", size = 316416, upload-time = "2024-10-13T12:15:32.449Z" }
wheels = [
    { url = "https://files.pythonhosted.org/packages/04/13/d9839089b900fa7b479cce495d62110cddc4bd5630a04d8469916c0e79c5/frozendict-2.4.6-py311-none-any.whl", hash = "sha256:d065db6a44db2e2375c23eac816f1a022feb2fa98cbb50df44a9e83700accbea", size = 16148, upload-time = "2024-10-13T12:15:26.839Z" },
    { url = "https://files.pythonhosted.org/packages/ba/d0/d482c39cee2ab2978a892558cf130681d4574ea208e162da8958b31e9250/frozendict-2.4.6-py312-none-any.whl", hash = "sha256:49344abe90fb75f0f9fdefe6d4ef6d4894e640fadab71f11009d52ad97f370b9", size = 16146, upload-time = "2024-10-13T12:15:28.16Z" },
    { url = "https://files.pythonhosted.org/packages/a5/8e/b6bf6a0de482d7d7d7a2aaac8fdc4a4d0bb24a809f5ddd422aa7060eb3d2/frozendict-2.4.6-py313-none-any.whl", hash = "sha256:7134a2bb95d4a16556bb5f2b9736dceb6ea848fa5b6f3f6c2d6dba93b44b4757", size = 16146, upload-time = "2024-10-13T12:15:29.495Z" },
]

[[package]]
name = "idna"
version = "3.10"
source = { registry = "https://pypi.org/simple" }
sdist = { url = "https://files.pythonhosted.org/packages/f1/70/7703c29685631f5a7590aa73f1f1d3fa9a380e654b86af429e0934a32f7d/idna-3.10.tar.gz", hash = "sha256:12f65c9b470abda6dc35cf8e63cc574b1c52b11df2c86030af0ac09b01b13ea9", size = 190490, upload-time = "2024-09-15T18:07:39.745Z" }
wheels = [
    { url = "https://files.pythonhosted.org/packages/76/c6/c88e154df9c4e1a2a66ccf0005a88dfb2650c1dffb6f5ce603dfbd452ce3/idna-3.10-py3-none-any.whl", hash = "sha256:946d195a0d259cbba61165e88e65941f16e9b36ea6ddb97f00452bae8b1287d3", size = 70442, upload-time = "2024-09-15T18:07:37.964Z" },
]

[[package]]
name = "jinja2"
version = "3.1.5"
source = { registry = "https://pypi.org/simple" }
dependencies = [
    { name = "markupsafe" },
]
sdist = { url = "https://files.pythonhosted.org/packages/af/92/b3130cbbf5591acf9ade8708c365f3238046ac7cb8ccba6e81abccb0ccff/jinja2-3.1.5.tar.gz", hash = "sha256:8fefff8dc3034e27bb80d67c671eb8a9bc424c0ef4c0826edbff304cceff43bb", size = 244674, upload-time = "2024-12-21T18:30:22.828Z" }
wheels = [
    { url = "https://files.pythonhosted.org/packages/bd/0f/2ba5fbcd631e3e88689309dbe978c5769e883e4b84ebfe7da30b43275c5a/jinja2-3.1.5-py3-none-any.whl", hash = "sha256:aba0f4dc9ed8013c424088f68a5c226f7d6097ed89b246d7749c2ec4175c6adb", size = 134596, upload-time = "2024-12-21T18:30:19.133Z" },
]

[[package]]
name = "looseversion"
version = "1.3.0"
source = { registry = "https://pypi.org/simple" }
sdist = { url = "https://files.pythonhosted.org/packages/64/7e/f13dc08e0712cc2eac8e56c7909ce2ac280dbffef2ffd87bd5277ce9d58b/looseversion-1.3.0.tar.gz", hash = "sha256:ebde65f3f6bb9531a81016c6fef3eb95a61181adc47b7f949e9c0ea47911669e", size = 8799, upload-time = "2023-07-05T16:07:51.173Z" }
wheels = [
    { url = "https://files.pythonhosted.org/packages/4e/74/d5405b9b3b12e9176dff223576d7090bc161092878f533fd0dc23dd6ae1d/looseversion-1.3.0-py2.py3-none-any.whl", hash = "sha256:781ef477b45946fc03dd4c84ea87734b21137ecda0e1e122bcb3c8d16d2a56e0", size = 8237, upload-time = "2023-07-05T16:07:49.782Z" },
]

[[package]]
name = "markupsafe"
version = "3.0.2"
source = { registry = "https://pypi.org/simple" }
sdist = { url = "https://files.pythonhosted.org/packages/b2/97/5d42485e71dfc078108a86d6de8fa46db44a1a9295e89c5d6d4a06e23a62/markupsafe-3.0.2.tar.gz", hash = "sha256:ee55d3edf80167e48ea11a923c7386f4669df67d7994554387f84e7d8b0a2bf0", size = 20537, upload-time = "2024-10-18T15:21:54.129Z" }

[[package]]
name = "mergedeep"
version = "1.3.4"
source = { registry = "https://pypi.org/simple" }
sdist = { url = "https://files.pythonhosted.org/packages/3a/41/580bb4006e3ed0361b8151a01d324fb03f420815446c7def45d02f74c270/mergedeep-1.3.4.tar.gz", hash = "sha256:0096d52e9dad9939c3d975a774666af186eda617e6ca84df4c94dec30004f2a8", size = 4661, upload-time = "2021-02-05T18:55:30.623Z" }
wheels = [
    { url = "https://files.pythonhosted.org/packages/2c/19/04f9b178c2d8a15b076c8b5140708fa6ffc5601fb6f1e975537072df5b2a/mergedeep-1.3.4-py3-none-any.whl", hash = "sha256:70775750742b25c0d8f36c55aed03d24c3384d17c951b3175d898bd778ef0307", size = 6354, upload-time = "2021-02-05T18:55:29.583Z" },
]

[[package]]
name = "mitogen"
version = "0.3.19"
source = { registry = "https://pypi.org/simple" }
sdist = { url = "https://files.pythonhosted.org/packages/6c/b7/fbaadfdb6702ce1f4fb55f574c9f3aac99a1a519687647bbbbcfb4eb2c7f/mitogen-0.3.19.tar.gz", hash = "sha256:04e2f5b2e33af034c25a770fa5c6045e383ef3835e4f0c68692424c021f94a33", size = 225263, upload-time = "2024-12-02T12:20:41.991Z" }
wheels = [
    { url = "https://files.pythonhosted.org/packages/04/8d/bbd3ff9846055de7a3ffc19c8338f3f4a529b4550fd420bb1ad4eb9f528b/mitogen-0.3.19-py2.py3-none-any.whl", hash = "sha256:8f37e5f53ac6dbaf87092a0ac72fde8b602e76351005221655d5d3a49a45c96e", size = 284550, upload-time = "2024-12-02T12:20:40.518Z" },
]

[[package]]
name = "paracrine"
version = "0.2.1"
source = { editable = "." }
dependencies = [
    { name = "frozendict" },
    { name = "jinja2" },
    { name = "looseversion" },
    { name = "mergedeep" },
    { name = "mitogen" },
    { name = "python-debian" },
    { name = "pyyaml" },
    { name = "requests" },
    { name = "retry" },
]

[package.metadata]
requires-dist = [
    { name = "frozendict" },
    { name = "jinja2" },
    { name = "looseversion" },
    { name = "mergedeep" },
    { name = "mitogen" },
    { name = "python-debian" },
    { name = "pyyaml" },
    { name = "requests" },
    { name = "retry" },
]

[[package]]
name = "py"
version = "1.11.0"
source = { registry = "https://pypi.org/simple" }
sdist = { url = "https://files.pythonhosted.org/packages/98/ff/fec109ceb715d2a6b4c4a85a61af3b40c723a961e8828319fbcb15b868dc/py-1.11.0.tar.gz", hash = "sha256:51c75c4126074b472f746a24399ad32f6053d1b34b68d2fa41e558e6f4a98719", size = 207796, upload-time = "2021-11-04T17:17:01.377Z" }
wheels = [
    { url = "https://files.pythonhosted.org/packages/f6/f0/10642828a8dfb741e5f3fbaac830550a518a775c7fff6f04a007259b0548/py-1.11.0-py2.py3-none-any.whl", hash = "sha256:607c53218732647dff4acdfcd50cb62615cedf612e72d1724fb1a0cc6405b378", size = 98708, upload-time = "2021-11-04T17:17:00.152Z" },
]

[[package]]
name = "python-debian"
version = "0.1.49"
source = { registry = "https://pypi.org/simple" }
dependencies = [
    { name = "chardet" },
]
sdist = { url = "https://files.pythonhosted.org/packages/ce/8d/2ebc549adf1f623d4044b108b30ff5cdac5756b0384cd9dddac63fe53eae/python-debian-0.1.49.tar.gz", hash = "sha256:8cf677a30dbcb4be7a99536c17e11308a827a4d22028dc59a67f6c6dd3f0f58c", size = 121690, upload-time = "2022-11-20T00:44:57.725Z" }
wheels = [
    { url = "https://files.pythonhosted.org/packages/9c/37/6e38e7aafa55c1257f63ca9f575e8e3cf2560c896c5202a16c9f33ee7657/python_debian-0.1.49-py3-none-any.whl", hash = "sha256:880f3bc52e31599f2a9b432bd7691844286825087fccdcf2f6ffd5cd79a26f9f", size = 132460, upload-time = "2022-11-20T00:44:50.18Z" },
]

[[package]]
name = "pyyaml"
version = "6.0.2"
source = { registry = "https://pypi.org/simple" }
sdist = { url = "https://files.pythonhosted.org/packages/54/ed/79a089b6be93607fa5cdaedf301d7dfb23af5f25c398d5ead2525b063e17/pyyaml-6.0.2.tar.gz", hash = "sha256:d584d9ec91ad65861cc08d42e834324ef890a082e591037abe114850ff7bbc3e", size = 130631, upload-time = "2024-08-06T20:33:50.674Z" }

[[package]]
name = "requests"
version = "2.32.3"
source = { registry = "https://pypi.org/simple" }
dependencies = [
    { name = "certifi" },
    { name = "charset-normalizer" },
    { name = "idna" },
    { name = "urllib3" },
]
sdist = { url = "https://files.pythonhosted.org/packages/63/70/2bf7780ad2d390a8d301ad0b550f1581eadbd9a20f896afe06353c2a2913/requests-2.32.3.tar.gz", hash = "sha256:55365417734eb18255590a9ff9eb97e9e1da868d4ccd6402399eaf68af20a760", size = 131218, upload-time = "2024-05-29T15:37:49.536Z" }
wheels = [
    { url = "https://files.pythonhosted.org/packages/f9/9b/335f9764261e915ed497fcdeb11df5dfd6f7bf257d4a6a2a686d80da4d54/requests-2.32.3-py3-none-any.whl", hash = "sha256:70761cfe03c773ceb22aa2f671b4757976145175cdfca038c02654d061d6dcc6", size = 64928, upload-time = "2024-05-29T15:37:47.027Z" },
]

[[package]]
name = "retry"
version = "0.9.2"
source = { registry = "https://pypi.org/simple" }
dependencies = [
    { name = "decorator" },
    { name = "py" },
]
sdist = { url = "https://files.pythonhosted.org/packages/9d/72/75d0b85443fbc8d9f38d08d2b1b67cc184ce35280e4a3813cda2f445f3a4/retry-0.9.2.tar.gz", hash = "sha256:f8bfa8b99b69c4506d6f5bd3b0aabf77f98cdb17f3c9fc3f5ca820033336fba4", size = 6448, upload-time = "2016-05-11T13:58:51.541Z" }
wheels = [
    { url = "https://files.pythonhosted.org/packages/4b/0d/53aea75710af4528a25ed6837d71d117602b01946b307a3912cb3cfcbcba/retry-0.9.2-py2.py3-none-any.whl", hash = "sha256:ccddf89761fa2c726ab29391837d4327f819ea14d244c232a1d24c67a2f98606", size = 7986, upload-time = "2016-05-11T13:58:39.925Z" },
]

[[package]]
name = "urllib3"
version = "2.3.0"
source = { registry = "https://pypi.org/simple" }
sdist = { url = "https://files.pythonhosted.org/packages/aa/63/e53da845320b757bf29ef6a9062f5c669fe997973f966045cb019c3f4b66/urllib3-2.3.0.tar.gz", hash = "sha256:f8c5449b3cf0861679ce7e0503c7b44b5ec981bec0d1d3795a07f1ba96f0204d", size = 307268, upload-time = "2024-12-22T07:47:30.032Z" }
wheels = [
    { url = "https://files.pythonhosted.org/packages/c8/19/4ec628951a74043532ca2cf5d97b7b14863931476d117c471e8e2b1eb39f/urllib3-2.3.0-py3-none-any.whl", hash = "sha256:1cee9ad369867bfdbbb48b7dd50374c0967a0bb7710050facf0dd6911440e3df", size = 128369, upload-time = "2024-12-22T07:47:28.074Z" },
]
